
Microsoft Visual Studio Solution File, Format Version 12.00
Project("{FAE04EC0-301F-11D3-BF4B-00C04F79EFBC}") = "LabyrinthsStack", "LabyrinthsStack.csproj", "{A5932BF1-D5F7-49E2-861E-67E73A898825}"
EndProject
Global
	GlobalSection(SolutionConfigurationPlatforms) = preSolution
		Debug|Any CPU = Debug|Any CPU
		Release|Any CPU = Release|Any CPU
	EndGlobalSection
	GlobalSection(ProjectConfigurationPlatforms) = postSolution
		{A5932BF1-D5F7-49E2-861E-67E73A898825}.Debug|Any CPU.ActiveCfg = Debug|Any CPU
		{A5932BF1-D5F7-49E2-861E-67E73A898825}.Debug|Any CPU.Build.0 = Debug|Any CPU
		{A5932BF1-D5F7-49E2-861E-67E73A898825}.Release|Any CPU.ActiveCfg = Release|Any CPU
		{A5932BF1-D5F7-49E2-861E-67E73A898825}.Release|Any CPU.Build.0 = Release|Any CPU
	EndGlobalSection
EndGlobal
